<?xml version="1.0" encoding="utf-8"?>
<Project ToolsVersion="4.0" xmlns="http://schemas.microsoft.com/developer/msbuild/2003">
  <ItemGroup>
    <ClCompile Include="cModel.cpp">
      <Filter>Source</Filter>
    </ClCompile>
    <ClCompile Include="cWNDManager.cpp">
      <Filter>Source</Filter>
    </ClCompile>
    <ClCompile Include="GameConstants.cpp">
      <Filter>Source</Filter>
    </ClCompile>
    <ClCompile Include="main.cpp">
      <Filter>Source</Filter>
    </ClCompile>
    <ClCompile Include="windowOGL.cpp">
      <Filter>Source</Filter>
    </ClCompile>
    <ClCompile Include="cModelLoader.cpp">
      <Filter>Source</Filter>
    </ClCompile>
    <ClCompile Include="cPlayer.cpp">
      <Filter>Source</Filter>
    </ClCompile>
    <ClCompile Include="cObstacle.cpp">
      <Filter>Source</Filter>
    </ClCompile>
    <ClCompile Include="cSkyscraper.cpp">
      <Filter>Source</Filter>
    </ClCompile>
    <ClCompile Include="cSound.cpp">
      <Filter>Source</Filter>
    </ClCompile>
    <ClCompile Include="cXboxController.cpp">
      <Filter>Source</Filter>
    </ClCompile>
  </ItemGroup>
  <ItemGroup>
    <ClInclude Include="cModel.h">
      <Filter>Headers</Filter>
    </ClInclude>
    <ClInclude Include="cWNDManager.h">
      <Filter>Headers</Filter>
    </ClInclude>
    <ClInclude Include="GameConstants.h">
      <Filter>Headers</Filter>
    </ClInclude>
    <ClInclude Include="wglext.h">
      <Filter>Headers</Filter>
    </ClInclude>
    <ClInclude Include="windowOGL.h">
      <Filter>Headers</Filter>
    </ClInclude>
    <ClInclude Include="cModelLoader.h">
      <Filter>Headers</Filter>
    </ClInclude>
    <ClInclude Include="cPlayer.h">
      <Filter>Headers</Filter>
    </ClInclude>
    <ClInclude Include="cObstacle.h">
      <Filter>Headers</Filter>
    </ClInclude>
    <ClInclude Include="cSkyscraper.h">
      <Filter>Headers</Filter>
    </ClInclude>
    <ClInclude Include="cSound.h">
      <Filter>Headers</Filter>
    </ClInclude>
    <ClInclude Include="cXboxController.h">
      <Filter>Headers</Filter>
    </ClInclude>
  </ItemGroup>
  <ItemGroup>
    <Filter Include="Headers">
      <UniqueIdentifier>{d99662ad-5c63-4893-9b5e-ccdb72741436}</UniqueIdentifier>
    </Filter>
    <Filter Include="Source">
      <UniqueIdentifier>{184293da-b08c-4367-ae7a-ed9e66fb6625}</UniqueIdentifier>
    </Filter>
  </ItemGroup>
</Project>